
Microsoft Visual Studio Solution File, Format Version 12.00
# Visual Studio Version 17
VisualStudioVersion = 17.0.31903.59
MinimumVisualStudioVersion = 10.0.40219.1
Project("{FAE04EC0-301F-11D3-BF4B-00C04F79EFBC}") = "SeguridadService", "SeguridadService\SeguridadService.csproj", "{4E7D185E-488C-4EC0-B92A-9130A5CDBA61}"
EndProject
Project("{FAE04EC0-301F-11D3-BF4B-00C04F79EFBC}") = "ReservasService", "ReservasService\ReservasService.csproj", "{4784D2A7-686D-43A3-BF75-8FD7235E6E5E}"
EndProject
Project("{FAE04EC0-301F-11D3-BF4B-00C04F79EFBC}") = "MenuService", "MenuService\MenuService.csproj", "{C435AFB1-2A62-4343-BCC0-2377DD09D85B}"
EndProject
Project("{FAE04EC0-301F-11D3-BF4B-00C04F79EFBC}") = "FacturacionService", "FacturacionService\FacturacionService.csproj", "{F2B2700D-2CA2-47C8-A91F-1E5C5A363DDE}"
EndProject
Project("{FAE04EC0-301F-11D3-BF4B-00C04F79EFBC}") = "GrpcClients", "GrpcClients\GrpcClients.csproj", "{977C3DB9-E03D-4DF1-92C2-EF03D817DCCB}"
EndProject
Project("{FAE04EC0-301F-11D3-BF4B-00C04F79EFBC}") = "AccesoDatos", "AccesoDatos\AccesoDatos.csproj", "{85555BA1-1D48-4B20-996B-00504900B6E2}"
EndProject
Project("{FAE04EC0-301F-11D3-BF4B-00C04F79EFBC}") = "Logica", "Logica\Logica.csproj", "{80DAD5E4-1F03-4CD7-AB69-F957CD3C1825}"
EndProject
Project("{FAE04EC0-301F-11D3-BF4B-00C04F79EFBC}") = "GDatos", "GDatos\GDatos.csproj", "{EC5AB01B-03BC-4F56-AFD9-DD8DAD4FE58E}"
EndProject
Project("{54A90642-561A-4BB1-A94E-469ADEE60C69}") = "CafeSanJuanVue", "CafeSanJuanVue\CafeSanJuanVue.esproj", "{3C000DA0-FE93-46F7-8011-C2C78FBBC047}"
EndProject
Global
	GlobalSection(SolutionConfigurationPlatforms) = preSolution
		Debug|Any CPU = Debug|Any CPU
		Debug|x64 = Debug|x64
		Debug|x86 = Debug|x86
		Release|Any CPU = Release|Any CPU
		Release|x64 = Release|x64
		Release|x86 = Release|x86
	EndGlobalSection
	GlobalSection(ProjectConfigurationPlatforms) = postSolution
		{4E7D185E-488C-4EC0-B92A-9130A5CDBA61}.Debug|Any CPU.ActiveCfg = Debug|Any CPU
		{4E7D185E-488C-4EC0-B92A-9130A5CDBA61}.Debug|Any CPU.Build.0 = Debug|Any CPU
		{4E7D185E-488C-4EC0-B92A-9130A5CDBA61}.Debug|x64.ActiveCfg = Debug|Any CPU
		{4E7D185E-488C-4EC0-B92A-9130A5CDBA61}.Debug|x64.Build.0 = Debug|Any CPU
		{4E7D185E-488C-4EC0-B92A-9130A5CDBA61}.Debug|x86.ActiveCfg = Debug|Any CPU
		{4E7D185E-488C-4EC0-B92A-9130A5CDBA61}.Debug|x86.Build.0 = Debug|Any CPU
		{4E7D185E-488C-4EC0-B92A-9130A5CDBA61}.Release|Any CPU.ActiveCfg = Release|Any CPU
		{4E7D185E-488C-4EC0-B92A-9130A5CDBA61}.Release|Any CPU.Build.0 = Release|Any CPU
		{4E7D185E-488C-4EC0-B92A-9130A5CDBA61}.Release|x64.ActiveCfg = Release|Any CPU
		{4E7D185E-488C-4EC0-B92A-9130A5CDBA61}.Release|x64.Build.0 = Release|Any CPU
		{4E7D185E-488C-4EC0-B92A-9130A5CDBA61}.Release|x86.ActiveCfg = Release|Any CPU
		{4E7D185E-488C-4EC0-B92A-9130A5CDBA61}.Release|x86.Build.0 = Release|Any CPU
		{4784D2A7-686D-43A3-BF75-8FD7235E6E5E}.Debug|Any CPU.ActiveCfg = Debug|Any CPU
		{4784D2A7-686D-43A3-BF75-8FD7235E6E5E}.Debug|Any CPU.Build.0 = Debug|Any CPU
		{4784D2A7-686D-43A3-BF75-8FD7235E6E5E}.Debug|x64.ActiveCfg = Debug|Any CPU
		{4784D2A7-686D-43A3-BF75-8FD7235E6E5E}.Debug|x64.Build.0 = Debug|Any CPU
		{4784D2A7-686D-43A3-BF75-8FD7235E6E5E}.Debug|x86.ActiveCfg = Debug|Any CPU
		{4784D2A7-686D-43A3-BF75-8FD7235E6E5E}.Debug|x86.Build.0 = Debug|Any CPU
		{4784D2A7-686D-43A3-BF75-8FD7235E6E5E}.Release|Any CPU.ActiveCfg = Release|Any CPU
		{4784D2A7-686D-43A3-BF75-8FD7235E6E5E}.Release|Any CPU.Build.0 = Release|Any CPU
		{4784D2A7-686D-43A3-BF75-8FD7235E6E5E}.Release|x64.ActiveCfg = Release|Any CPU
		{4784D2A7-686D-43A3-BF75-8FD7235E6E5E}.Release|x64.Build.0 = Release|Any CPU
		{4784D2A7-686D-43A3-BF75-8FD7235E6E5E}.Release|x86.ActiveCfg = Release|Any CPU
		{4784D2A7-686D-43A3-BF75-8FD7235E6E5E}.Release|x86.Build.0 = Release|Any CPU
		{C435AFB1-2A62-4343-BCC0-2377DD09D85B}.Debug|Any CPU.ActiveCfg = Debug|Any CPU
		{C435AFB1-2A62-4343-BCC0-2377DD09D85B}.Debug|Any CPU.Build.0 = Debug|Any CPU
		{C435AFB1-2A62-4343-BCC0-2377DD09D85B}.Debug|x64.ActiveCfg = Debug|Any CPU
		{C435AFB1-2A62-4343-BCC0-2377DD09D85B}.Debug|x64.Build.0 = Debug|Any CPU
		{C435AFB1-2A62-4343-BCC0-2377DD09D85B}.Debug|x86.ActiveCfg = Debug|Any CPU
		{C435AFB1-2A62-4343-BCC0-2377DD09D85B}.Debug|x86.Build.0 = Debug|Any CPU
		{C435AFB1-2A62-4343-BCC0-2377DD09D85B}.Release|Any CPU.ActiveCfg = Release|Any CPU
		{C435AFB1-2A62-4343-BCC0-2377DD09D85B}.Release|Any CPU.Build.0 = Release|Any CPU
		{C435AFB1-2A62-4343-BCC0-2377DD09D85B}.Release|x64.ActiveCfg = Release|Any CPU
		{C435AFB1-2A62-4343-BCC0-2377DD09D85B}.Release|x64.Build.0 = Release|Any CPU
		{C435AFB1-2A62-4343-BCC0-2377DD09D85B}.Release|x86.ActiveCfg = Release|Any CPU
		{C435AFB1-2A62-4343-BCC0-2377DD09D85B}.Release|x86.Build.0 = Release|Any CPU
		{F2B2700D-2CA2-47C8-A91F-1E5C5A363DDE}.Debug|Any CPU.ActiveCfg = Debug|Any CPU
		{F2B2700D-2CA2-47C8-A91F-1E5C5A363DDE}.Debug|Any CPU.Build.0 = Debug|Any CPU
		{F2B2700D-2CA2-47C8-A91F-1E5C5A363DDE}.Debug|x64.ActiveCfg = Debug|Any CPU
		{F2B2700D-2CA2-47C8-A91F-1E5C5A363DDE}.Debug|x64.Build.0 = Debug|Any CPU
		{F2B2700D-2CA2-47C8-A91F-1E5C5A363DDE}.Debug|x86.ActiveCfg = Debug|Any CPU
		{F2B2700D-2CA2-47C8-A91F-1E5C5A363DDE}.Debug|x86.Build.0 = Debug|Any CPU
		{F2B2700D-2CA2-47C8-A91F-1E5C5A363DDE}.Release|Any CPU.ActiveCfg = Release|Any CPU
		{F2B2700D-2CA2-47C8-A91F-1E5C5A363DDE}.Release|Any CPU.Build.0 = Release|Any CPU
		{F2B2700D-2CA2-47C8-A91F-1E5C5A363DDE}.Release|x64.ActiveCfg = Release|Any CPU
		{F2B2700D-2CA2-47C8-A91F-1E5C5A363DDE}.Release|x64.Build.0 = Release|Any CPU
		{F2B2700D-2CA2-47C8-A91F-1E5C5A363DDE}.Release|x86.ActiveCfg = Release|Any CPU
		{F2B2700D-2CA2-47C8-A91F-1E5C5A363DDE}.Release|x86.Build.0 = Release|Any CPU
		{977C3DB9-E03D-4DF1-92C2-EF03D817DCCB}.Debug|Any CPU.ActiveCfg = Debug|Any CPU
		{977C3DB9-E03D-4DF1-92C2-EF03D817DCCB}.Debug|Any CPU.Build.0 = Debug|Any CPU
		{977C3DB9-E03D-4DF1-92C2-EF03D817DCCB}.Debug|x64.ActiveCfg = Debug|Any CPU
		{977C3DB9-E03D-4DF1-92C2-EF03D817DCCB}.Debug|x64.Build.0 = Debug|Any CPU
		{977C3DB9-E03D-4DF1-92C2-EF03D817DCCB}.Debug|x86.ActiveCfg = Debug|Any CPU
		{977C3DB9-E03D-4DF1-92C2-EF03D817DCCB}.Debug|x86.Build.0 = Debug|Any CPU
		{977C3DB9-E03D-4DF1-92C2-EF03D817DCCB}.Release|Any CPU.ActiveCfg = Release|Any CPU
		{977C3DB9-E03D-4DF1-92C2-EF03D817DCCB}.Release|Any CPU.Build.0 = Release|Any CPU
		{977C3DB9-E03D-4DF1-92C2-EF03D817DCCB}.Release|x64.ActiveCfg = Release|Any CPU
		{977C3DB9-E03D-4DF1-92C2-EF03D817DCCB}.Release|x64.Build.0 = Release|Any CPU
		{977C3DB9-E03D-4DF1-92C2-EF03D817DCCB}.Release|x86.ActiveCfg = Release|Any CPU
		{977C3DB9-E03D-4DF1-92C2-EF03D817DCCB}.Release|x86.Build.0 = Release|Any CPU
		{85555BA1-1D48-4B20-996B-00504900B6E2}.Debug|Any CPU.ActiveCfg = Debug|Any CPU
		{85555BA1-1D48-4B20-996B-00504900B6E2}.Debug|Any CPU.Build.0 = Debug|Any CPU
		{85555BA1-1D48-4B20-996B-00504900B6E2}.Debug|x64.ActiveCfg = Debug|Any CPU
		{85555BA1-1D48-4B20-996B-00504900B6E2}.Debug|x64.Build.0 = Debug|Any CPU
		{85555BA1-1D48-4B20-996B-00504900B6E2}.Debug|x86.ActiveCfg = Debug|Any CPU
		{85555BA1-1D48-4B20-996B-00504900B6E2}.Debug|x86.Build.0 = Debug|Any CPU
		{85555BA1-1D48-4B20-996B-00504900B6E2}.Release|Any CPU.ActiveCfg = Release|Any CPU
		{85555BA1-1D48-4B20-996B-00504900B6E2}.Release|Any CPU.Build.0 = Release|Any CPU
		{85555BA1-1D48-4B20-996B-00504900B6E2}.Release|x64.ActiveCfg = Release|Any CPU
		{85555BA1-1D48-4B20-996B-00504900B6E2}.Release|x64.Build.0 = Release|Any CPU
		{85555BA1-1D48-4B20-996B-00504900B6E2}.Release|x86.ActiveCfg = Release|Any CPU
		{85555BA1-1D48-4B20-996B-00504900B6E2}.Release|x86.Build.0 = Release|Any CPU
		{80DAD5E4-1F03-4CD7-AB69-F957CD3C1825}.Debug|Any CPU.ActiveCfg = Debug|Any CPU
		{80DAD5E4-1F03-4CD7-AB69-F957CD3C1825}.Debug|Any CPU.Build.0 = Debug|Any CPU
		{80DAD5E4-1F03-4CD7-AB69-F957CD3C1825}.Debug|x64.ActiveCfg = Debug|Any CPU
		{80DAD5E4-1F03-4CD7-AB69-F957CD3C1825}.Debug|x64.Build.0 = Debug|Any CPU
		{80DAD5E4-1F03-4CD7-AB69-F957CD3C1825}.Debug|x86.ActiveCfg = Debug|Any CPU
		{80DAD5E4-1F03-4CD7-AB69-F957CD3C1825}.Debug|x86.Build.0 = Debug|Any CPU
		{80DAD5E4-1F03-4CD7-AB69-F957CD3C1825}.Release|Any CPU.ActiveCfg = Release|Any CPU
		{80DAD5E4-1F03-4CD7-AB69-F957CD3C1825}.Release|Any CPU.Build.0 = Release|Any CPU
		{80DAD5E4-1F03-4CD7-AB69-F957CD3C1825}.Release|x64.ActiveCfg = Release|Any CPU
		{80DAD5E4-1F03-4CD7-AB69-F957CD3C1825}.Release|x64.Build.0 = Release|Any CPU
		{80DAD5E4-1F03-4CD7-AB69-F957CD3C1825}.Release|x86.ActiveCfg = Release|Any CPU
		{80DAD5E4-1F03-4CD7-AB69-F957CD3C1825}.Release|x86.Build.0 = Release|Any CPU
		{EC5AB01B-03BC-4F56-AFD9-DD8DAD4FE58E}.Debug|Any CPU.ActiveCfg = Debug|Any CPU
		{EC5AB01B-03BC-4F56-AFD9-DD8DAD4FE58E}.Debug|Any CPU.Build.0 = Debug|Any CPU
		{EC5AB01B-03BC-4F56-AFD9-DD8DAD4FE58E}.Debug|x64.ActiveCfg = Debug|Any CPU
		{EC5AB01B-03BC-4F56-AFD9-DD8DAD4FE58E}.Debug|x64.Build.0 = Debug|Any CPU
		{EC5AB01B-03BC-4F56-AFD9-DD8DAD4FE58E}.Debug|x86.ActiveCfg = Debug|Any CPU
		{EC5AB01B-03BC-4F56-AFD9-DD8DAD4FE58E}.Debug|x86.Build.0 = Debug|Any CPU
		{EC5AB01B-03BC-4F56-AFD9-DD8DAD4FE58E}.Release|Any CPU.ActiveCfg = Release|Any CPU
		{EC5AB01B-03BC-4F56-AFD9-DD8DAD4FE58E}.Release|Any CPU.Build.0 = Release|Any CPU
		{EC5AB01B-03BC-4F56-AFD9-DD8DAD4FE58E}.Release|x64.ActiveCfg = Release|Any CPU
		{EC5AB01B-03BC-4F56-AFD9-DD8DAD4FE58E}.Release|x64.Build.0 = Release|Any CPU
		{EC5AB01B-03BC-4F56-AFD9-DD8DAD4FE58E}.Release|x86.ActiveCfg = Release|Any CPU
		{EC5AB01B-03BC-4F56-AFD9-DD8DAD4FE58E}.Release|x86.Build.0 = Release|Any CPU
		{3C000DA0-FE93-46F7-8011-C2C78FBBC047}.Debug|Any CPU.ActiveCfg = Debug|Any CPU
		{3C000DA0-FE93-46F7-8011-C2C78FBBC047}.Debug|x64.ActiveCfg = Debug|Any CPU
		{3C000DA0-FE93-46F7-8011-C2C78FBBC047}.Debug|x86.ActiveCfg = Debug|Any CPU
		{3C000DA0-FE93-46F7-8011-C2C78FBBC047}.Release|Any CPU.ActiveCfg = Release|Any CPU
		{3C000DA0-FE93-46F7-8011-C2C78FBBC047}.Release|x64.ActiveCfg = Release|Any CPU
		{3C000DA0-FE93-46F7-8011-C2C78FBBC047}.Release|x86.ActiveCfg = Release|Any CPU
	EndGlobalSection
	GlobalSection(SolutionProperties) = preSolution
		HideSolutionNode = FALSE
	EndGlobalSection
EndGlobal
